
Microsoft Visual Studio Solution File, Format Version 12.00
# Visual Studio Version 16
VisualStudioVersion = 16.0.30114.105
MinimumVisualStudioVersion = 10.0.40219.1
Project("{FAE04EC0-301F-11D3-BF4B-00C04F79EFBC}") = "QLNhaSach", "QLNhaSach\QLNhaSach.csproj", "{6FBF6D1E-C0F7-4EB1-9054-AF7BD14C4EBD}"
EndProject
Global
	GlobalSection(SolutionConfigurationPlatforms) = preSolution
		Debug|Any CPU = Debug|Any CPU
		Release|Any CPU = Release|Any CPU
	EndGlobalSection
	GlobalSection(ProjectConfigurationPlatforms) = postSolution
		{6FBF6D1E-C0F7-4EB1-9054-AF7BD14C4EBD}.Debug|Any CPU.ActiveCfg = Debug|Any CPU
		{6FBF6D1E-C0F7-4EB1-9054-AF7BD14C4EBD}.Debug|Any CPU.Build.0 = Debug|Any CPU
		{6FBF6D1E-C0F7-4EB1-9054-AF7BD14C4EBD}.Release|Any CPU.ActiveCfg = Release|Any CPU
		{6FBF6D1E-C0F7-4EB1-9054-AF7BD14C4EBD}.Release|Any CPU.Build.0 = Release|Any CPU
	EndGlobalSection
	GlobalSection(SolutionProperties) = preSolution
		HideSolutionNode = FALSE
	EndGlobalSection
	GlobalSection(ExtensibilityGlobals) = postSolution
		SolutionGuid = {5EB2B07E-C043-447F-B01F-753B19A16FAC}
	EndGlobalSection
EndGlobal
